
Microsoft Visual Studio Solution File, Format Version 12.00
# Visual Studio 15
VisualStudioVersion = 15.0.26430.13
MinimumVisualStudioVersion = 10.0.40219.1
Project("{FAE04EC0-301F-11D3-BF4B-00C04F79EFBC}") = "Imagekit", "Imagekit\Imagekit.csproj", "{79AAE19C-E888-4A09-9000-DA3D1FB14D1C}"
EndProject
Project("{FAE04EC0-301F-11D3-BF4B-00C04F79EFBC}") = "Imagekit.Sample", "Imagekit.Sample\Imagekit.Sample.csproj", "{AF2DADCF-83B3-4266-B926-8F5B0DC1732D}"
EndProject
Global
	GlobalSection(SolutionConfigurationPlatforms) = preSolution
		Debug|Any CPU = Debug|Any CPU
		Release|Any CPU = Release|Any CPU
	EndGlobalSection
	GlobalSection(ProjectConfigurationPlatforms) = postSolution
		{79AAE19C-E888-4A09-9000-DA3D1FB14D1C}.Debug|Any CPU.ActiveCfg = Debug|Any CPU
		{79AAE19C-E888-4A09-9000-DA3D1FB14D1C}.Debug|Any CPU.Build.0 = Debug|Any CPU
		{79AAE19C-E888-4A09-9000-DA3D1FB14D1C}.Release|Any CPU.ActiveCfg = Release|Any CPU
		{79AAE19C-E888-4A09-9000-DA3D1FB14D1C}.Release|Any CPU.Build.0 = Release|Any CPU
		{AF2DADCF-83B3-4266-B926-8F5B0DC1732D}.Debug|Any CPU.ActiveCfg = Debug|Any CPU
		{AF2DADCF-83B3-4266-B926-8F5B0DC1732D}.Debug|Any CPU.Build.0 = Debug|Any CPU
		{AF2DADCF-83B3-4266-B926-8F5B0DC1732D}.Release|Any CPU.ActiveCfg = Release|Any CPU
		{AF2DADCF-83B3-4266-B926-8F5B0DC1732D}.Release|Any CPU.Build.0 = Release|Any CPU
	EndGlobalSection
	GlobalSection(SolutionProperties) = preSolution
		HideSolutionNode = FALSE
	EndGlobalSection
EndGlobal
