
Microsoft Visual Studio Solution File, Format Version 12.00
# Visual Studio 15
Project("{FAE04EC0-301F-11D3-BF4B-00C04F79EFBC}") = "Imagekit", "Imagekit\Imagekit.csproj", "{6B03149A-D1F5-43CA-A0C9-1E1609EFCC60}"
EndProject
Project("{FAE04EC0-301F-11D3-BF4B-00C04F79EFBC}") = "Test", "Test\Test.csproj", "{C9B3E3C3-93A7-44C5-9440-DAB79008A7D0}"
EndProject
Global
	GlobalSection(SolutionConfigurationPlatforms) = preSolution
		Debug|Any CPU = Debug|Any CPU
		Release|Any CPU = Release|Any CPU
	EndGlobalSection
	GlobalSection(ProjectConfigurationPlatforms) = postSolution
		{6B03149A-D1F5-43CA-A0C9-1E1609EFCC60}.Debug|Any CPU.ActiveCfg = Debug|Any CPU
		{6B03149A-D1F5-43CA-A0C9-1E1609EFCC60}.Debug|Any CPU.Build.0 = Debug|Any CPU
		{6B03149A-D1F5-43CA-A0C9-1E1609EFCC60}.Release|Any CPU.ActiveCfg = Release|Any CPU
		{6B03149A-D1F5-43CA-A0C9-1E1609EFCC60}.Release|Any CPU.Build.0 = Release|Any CPU
		{C9B3E3C3-93A7-44C5-9440-DAB79008A7D0}.Debug|Any CPU.ActiveCfg = Debug|Any CPU
		{C9B3E3C3-93A7-44C5-9440-DAB79008A7D0}.Debug|Any CPU.Build.0 = Debug|Any CPU
		{C9B3E3C3-93A7-44C5-9440-DAB79008A7D0}.Release|Any CPU.ActiveCfg = Release|Any CPU
	EndGlobalSection
	GlobalSection(MonoDevelopProperties) = preSolution
		Policies = $0
		$0.DotNetNamingPolicy = $1
		$1.DirectoryNamespaceAssociation = PrefixedHierarchical
		$0.StandardHeader = $2
	EndGlobalSection
EndGlobal
